
Microsoft Visual Studio Solution File, Format Version 12.00
# Visual Studio Version 16
VisualStudioVersion = 16.0.30804.86
MinimumVisualStudioVersion = 10.0.40219.1
Project("{8BC9CEB8-8B4A-11D0-8D11-00A0C91BC942}") = "Hex5", "Hex5\Hex5.vcxproj", "{314B3084-0C7A-4E8C-A1A0-07C3EBAFB011}"
EndProject
Global
	GlobalSection(SolutionConfigurationPlatforms) = preSolution
		Debug|x64 = Debug|x64
		Debug|x86 = Debug|x86
		Release|x64 = Release|x64
		Release|x86 = Release|x86
	EndGlobalSection
	GlobalSection(ProjectConfigurationPlatforms) = postSolution
		{314B3084-0C7A-4E8C-A1A0-07C3EBAFB011}.Debug|x64.ActiveCfg = Debug|x64
		{314B3084-0C7A-4E8C-A1A0-07C3EBAFB011}.Debug|x64.Build.0 = Debug|x64
		{314B3084-0C7A-4E8C-A1A0-07C3EBAFB011}.Debug|x86.ActiveCfg = Debug|Win32
		{314B3084-0C7A-4E8C-A1A0-07C3EBAFB011}.Debug|x86.Build.0 = Debug|Win32
		{314B3084-0C7A-4E8C-A1A0-07C3EBAFB011}.Release|x64.ActiveCfg = Release|x64
		{314B3084-0C7A-4E8C-A1A0-07C3EBAFB011}.Release|x64.Build.0 = Release|x64
		{314B3084-0C7A-4E8C-A1A0-07C3EBAFB011}.Release|x86.ActiveCfg = Release|Win32
		{314B3084-0C7A-4E8C-A1A0-07C3EBAFB011}.Release|x86.Build.0 = Release|Win32
	EndGlobalSection
	GlobalSection(SolutionProperties) = preSolution
		HideSolutionNode = FALSE
	EndGlobalSection
	GlobalSection(ExtensibilityGlobals) = postSolution
		SolutionGuid = {769798F4-C79F-4C04-9833-B6FCC0882766}
	EndGlobalSection
EndGlobal
